
Microsoft Visual Studio Solution File, Format Version 12.00
# Visual Studio 14
VisualStudioVersion = 14.0.25420.1
MinimumVisualStudioVersion = 10.0.40219.1
Project("{2150E333-8FDC-42A3-9474-1A3956D46DE8}") = "2 - Application", "2 - Application", "{4CFC90C4-296E-49CC-9EE6-5F6FAFF69923}"
EndProject
Project("{2150E333-8FDC-42A3-9474-1A3956D46DE8}") = "1 - Presentation", "1 - Presentation", "{0EDF11E3-ABDF-4983-9C21-3BD2E3840D44}"
EndProject
Project("{2150E333-8FDC-42A3-9474-1A3956D46DE8}") = "3 - Domain", "3 - Domain", "{5789EAD4-3313-49DC-A4D5-C9F15C66ED65}"
EndProject
Project("{2150E333-8FDC-42A3-9474-1A3956D46DE8}") = "4 - Infra", "4 - Infra", "{D7D9F311-5804-409C-BB9D-98E7C397CC7E}"
EndProject
Project("{2150E333-8FDC-42A3-9474-1A3956D46DE8}") = "4.1 - Data", "4.1 - Data", "{08FA5B58-1D8C-4775-9B5F-95C7ED3D2992}"
EndProject
Project("{2150E333-8FDC-42A3-9474-1A3956D46DE8}") = "4.2 - CrossCuting", "4.2 - CrossCuting", "{F30C17BA-B73E-41EF-A501-45AE59DB95A3}"
EndProject
Project("{8BB2217D-0F2D-49D1-97BC-3654ED321F3B}") = "CrmHub.Infra.Exception", "CrmHub.Infra.Exception\CrmHub.Infra.Exception.xproj", "{EFB95339-E6CA-4181-8A4B-E85C09BBBCC9}"
EndProject
Project("{8BB2217D-0F2D-49D1-97BC-3654ED321F3B}") = "CrmHub.Infra.Helpers", "CrmHub.Infra.Helpers\CrmHub.Infra.Helpers.xproj", "{B2B3E7E6-8A6B-452E-A7F2-506B5541B735}"
EndProject
Project("{8BB2217D-0F2D-49D1-97BC-3654ED321F3B}") = "CrmHub.Domain", "CrmHub.Domain\CrmHub.Domain.xproj", "{FFE51380-3242-490E-BB9A-A08D8C13E5A1}"
EndProject
Project("{2150E333-8FDC-42A3-9474-1A3956D46DE8}") = "5 - Identity", "5 - Identity", "{998FF38B-5117-435F-9F77-516695237C8A}"
EndProject
Project("{8BB2217D-0F2D-49D1-97BC-3654ED321F3B}") = "CrmHub.Identity", "CrmHub.Identity\CrmHub.Identity.xproj", "{3F9BBA95-00A2-460F-9CB6-0F7AC5CFFFBB}"
EndProject
Project("{8BB2217D-0F2D-49D1-97BC-3654ED321F3B}") = "CrmHub.Web", "CrmHub.Web\CrmHub.Web.xproj", "{83DA315C-0D9A-4253-9688-83009990618B}"
EndProject
Project("{2150E333-8FDC-42A3-9474-1A3956D46DE8}") = "src", "src", "{3476432D-45D9-4CE6-95F7-883A2B518B58}"
EndProject
Project("{2150E333-8FDC-42A3-9474-1A3956D46DE8}") = "Solution Items", "Solution Items", "{66CCDF71-479B-4165-B0B4-71B90C7AC626}"
	ProjectSection(SolutionItems) = preProject
		global.json = global.json
	EndProjectSection
EndProject
Project("{8BB2217D-0F2D-49D1-97BC-3654ED321F3B}") = "CrmHub.Infra.Data", "CrmHub.Infra.Data\CrmHub.Infra.Data.xproj", "{E8C4C25E-0007-4BCB-804E-27EC057966C7}"
EndProject
Project("{8BB2217D-0F2D-49D1-97BC-3654ED321F3B}") = "CrmHub.Application", "CrmHub.Application\CrmHub.Application.xproj", "{7875768E-E9B2-4E3C-ABEF-75506BD451C4}"
EndProject
Project("{8BB2217D-0F2D-49D1-97BC-3654ED321F3B}") = "CrmHub.Infra.Dependences.Injection", "CrmHub.Infra.Dependences.Injection\CrmHub.Infra.Dependences.Injection.xproj", "{677F16E5-F2C5-4DFD-BA81-37A6764F6236}"
EndProject
Project("{8BB2217D-0F2D-49D1-97BC-3654ED321F3B}") = "CrmHub.Infra.Messages", "CrmHub.Infra.Messages\CrmHub.Infra.Messages.xproj", "{F8995FED-0484-4DC8-9457-3F1B880E8A48}"
EndProject
Project("{8BB2217D-0F2D-49D1-97BC-3654ED321F3B}") = "CrmHub.Application.Integration", "CrmHub.Application.Integration\CrmHub.Application.Integration.xproj", "{D30B2611-E6FB-4CCF-839A-2C327FAB739D}"
EndProject
Global
	GlobalSection(SolutionConfigurationPlatforms) = preSolution
		Debug|Any CPU = Debug|Any CPU
		Release|Any CPU = Release|Any CPU
	EndGlobalSection
	GlobalSection(ProjectConfigurationPlatforms) = postSolution
		{EFB95339-E6CA-4181-8A4B-E85C09BBBCC9}.Debug|Any CPU.ActiveCfg = Debug|Any CPU
		{EFB95339-E6CA-4181-8A4B-E85C09BBBCC9}.Debug|Any CPU.Build.0 = Debug|Any CPU
		{EFB95339-E6CA-4181-8A4B-E85C09BBBCC9}.Release|Any CPU.ActiveCfg = Release|Any CPU
		{EFB95339-E6CA-4181-8A4B-E85C09BBBCC9}.Release|Any CPU.Build.0 = Release|Any CPU
		{B2B3E7E6-8A6B-452E-A7F2-506B5541B735}.Debug|Any CPU.ActiveCfg = Debug|Any CPU
		{B2B3E7E6-8A6B-452E-A7F2-506B5541B735}.Debug|Any CPU.Build.0 = Debug|Any CPU
		{B2B3E7E6-8A6B-452E-A7F2-506B5541B735}.Release|Any CPU.ActiveCfg = Release|Any CPU
		{B2B3E7E6-8A6B-452E-A7F2-506B5541B735}.Release|Any CPU.Build.0 = Release|Any CPU
		{FFE51380-3242-490E-BB9A-A08D8C13E5A1}.Debug|Any CPU.ActiveCfg = Debug|Any CPU
		{FFE51380-3242-490E-BB9A-A08D8C13E5A1}.Debug|Any CPU.Build.0 = Debug|Any CPU
		{FFE51380-3242-490E-BB9A-A08D8C13E5A1}.Release|Any CPU.ActiveCfg = Release|Any CPU
		{FFE51380-3242-490E-BB9A-A08D8C13E5A1}.Release|Any CPU.Build.0 = Release|Any CPU
		{3F9BBA95-00A2-460F-9CB6-0F7AC5CFFFBB}.Debug|Any CPU.ActiveCfg = Debug|Any CPU
		{3F9BBA95-00A2-460F-9CB6-0F7AC5CFFFBB}.Debug|Any CPU.Build.0 = Debug|Any CPU
		{3F9BBA95-00A2-460F-9CB6-0F7AC5CFFFBB}.Release|Any CPU.ActiveCfg = Release|Any CPU
		{3F9BBA95-00A2-460F-9CB6-0F7AC5CFFFBB}.Release|Any CPU.Build.0 = Release|Any CPU
		{83DA315C-0D9A-4253-9688-83009990618B}.Debug|Any CPU.ActiveCfg = Debug|Any CPU
		{83DA315C-0D9A-4253-9688-83009990618B}.Debug|Any CPU.Build.0 = Debug|Any CPU
		{83DA315C-0D9A-4253-9688-83009990618B}.Release|Any CPU.ActiveCfg = Release|Any CPU
		{83DA315C-0D9A-4253-9688-83009990618B}.Release|Any CPU.Build.0 = Release|Any CPU
		{E8C4C25E-0007-4BCB-804E-27EC057966C7}.Debug|Any CPU.ActiveCfg = Debug|Any CPU
		{E8C4C25E-0007-4BCB-804E-27EC057966C7}.Debug|Any CPU.Build.0 = Debug|Any CPU
		{E8C4C25E-0007-4BCB-804E-27EC057966C7}.Release|Any CPU.ActiveCfg = Release|Any CPU
		{E8C4C25E-0007-4BCB-804E-27EC057966C7}.Release|Any CPU.Build.0 = Release|Any CPU
		{7875768E-E9B2-4E3C-ABEF-75506BD451C4}.Debug|Any CPU.ActiveCfg = Debug|Any CPU
		{7875768E-E9B2-4E3C-ABEF-75506BD451C4}.Debug|Any CPU.Build.0 = Debug|Any CPU
		{7875768E-E9B2-4E3C-ABEF-75506BD451C4}.Release|Any CPU.ActiveCfg = Release|Any CPU
		{7875768E-E9B2-4E3C-ABEF-75506BD451C4}.Release|Any CPU.Build.0 = Release|Any CPU
		{677F16E5-F2C5-4DFD-BA81-37A6764F6236}.Debug|Any CPU.ActiveCfg = Debug|Any CPU
		{677F16E5-F2C5-4DFD-BA81-37A6764F6236}.Debug|Any CPU.Build.0 = Debug|Any CPU
		{677F16E5-F2C5-4DFD-BA81-37A6764F6236}.Release|Any CPU.ActiveCfg = Release|Any CPU
		{677F16E5-F2C5-4DFD-BA81-37A6764F6236}.Release|Any CPU.Build.0 = Release|Any CPU
		{F8995FED-0484-4DC8-9457-3F1B880E8A48}.Debug|Any CPU.ActiveCfg = Debug|Any CPU
		{F8995FED-0484-4DC8-9457-3F1B880E8A48}.Debug|Any CPU.Build.0 = Debug|Any CPU
		{F8995FED-0484-4DC8-9457-3F1B880E8A48}.Release|Any CPU.ActiveCfg = Release|Any CPU
		{F8995FED-0484-4DC8-9457-3F1B880E8A48}.Release|Any CPU.Build.0 = Release|Any CPU
		{D30B2611-E6FB-4CCF-839A-2C327FAB739D}.Debug|Any CPU.ActiveCfg = Debug|Any CPU
		{D30B2611-E6FB-4CCF-839A-2C327FAB739D}.Debug|Any CPU.Build.0 = Debug|Any CPU
		{D30B2611-E6FB-4CCF-839A-2C327FAB739D}.Release|Any CPU.ActiveCfg = Release|Any CPU
		{D30B2611-E6FB-4CCF-839A-2C327FAB739D}.Release|Any CPU.Build.0 = Release|Any CPU
	EndGlobalSection
	GlobalSection(SolutionProperties) = preSolution
		HideSolutionNode = FALSE
	EndGlobalSection
	GlobalSection(NestedProjects) = preSolution
		{4CFC90C4-296E-49CC-9EE6-5F6FAFF69923} = {3476432D-45D9-4CE6-95F7-883A2B518B58}
		{0EDF11E3-ABDF-4983-9C21-3BD2E3840D44} = {3476432D-45D9-4CE6-95F7-883A2B518B58}
		{5789EAD4-3313-49DC-A4D5-C9F15C66ED65} = {3476432D-45D9-4CE6-95F7-883A2B518B58}
		{D7D9F311-5804-409C-BB9D-98E7C397CC7E} = {3476432D-45D9-4CE6-95F7-883A2B518B58}
		{08FA5B58-1D8C-4775-9B5F-95C7ED3D2992} = {D7D9F311-5804-409C-BB9D-98E7C397CC7E}
		{F30C17BA-B73E-41EF-A501-45AE59DB95A3} = {D7D9F311-5804-409C-BB9D-98E7C397CC7E}
		{EFB95339-E6CA-4181-8A4B-E85C09BBBCC9} = {F30C17BA-B73E-41EF-A501-45AE59DB95A3}
		{B2B3E7E6-8A6B-452E-A7F2-506B5541B735} = {F30C17BA-B73E-41EF-A501-45AE59DB95A3}
		{FFE51380-3242-490E-BB9A-A08D8C13E5A1} = {5789EAD4-3313-49DC-A4D5-C9F15C66ED65}
		{998FF38B-5117-435F-9F77-516695237C8A} = {3476432D-45D9-4CE6-95F7-883A2B518B58}
		{3F9BBA95-00A2-460F-9CB6-0F7AC5CFFFBB} = {998FF38B-5117-435F-9F77-516695237C8A}
		{83DA315C-0D9A-4253-9688-83009990618B} = {0EDF11E3-ABDF-4983-9C21-3BD2E3840D44}
		{E8C4C25E-0007-4BCB-804E-27EC057966C7} = {08FA5B58-1D8C-4775-9B5F-95C7ED3D2992}
		{7875768E-E9B2-4E3C-ABEF-75506BD451C4} = {4CFC90C4-296E-49CC-9EE6-5F6FAFF69923}
		{677F16E5-F2C5-4DFD-BA81-37A6764F6236} = {F30C17BA-B73E-41EF-A501-45AE59DB95A3}
		{F8995FED-0484-4DC8-9457-3F1B880E8A48} = {F30C17BA-B73E-41EF-A501-45AE59DB95A3}
		{D30B2611-E6FB-4CCF-839A-2C327FAB739D} = {4CFC90C4-296E-49CC-9EE6-5F6FAFF69923}
	EndGlobalSection
EndGlobal
